<?xml version="1.0" encoding="utf-8"?>
<Project ToolsVersion="4.0" xmlns="http://schemas.microsoft.com/developer/msbuild/2003">
  <ItemGroup>
    <ClCompile Include="..\src\Agent.cpp" />
    <ClCompile Include="..\src\Connection.cpp" />
    <ClCompile Include="..\src\Graph.cpp" />
    <ClCompile Include="..\src\main.cpp" />
    <ClCompile Include="..\src\SceneASearch.cpp" />
    <ClCompile Include="..\src\SceneASearchMultiple.cpp" />
    <ClCompile Include="..\src\SceneBreadthFirstSearch.cpp" />
    <ClCompile Include="..\src\SceneDijkstra.cpp" />
    <ClCompile Include="..\src\SceneGreedyBFS.cpp" />
    <ClCompile Include="..\src\ScenePathFinding.cpp" />
    <ClCompile Include="..\src\SDL_SimpleApp.cpp" />
    <ClCompile Include="..\src\SteeringBehavior.cpp" />
    <ClCompile Include="..\src\utils.cpp" />
    <ClCompile Include="..\src\SceneAvoidEnemy.cpp" />
  </ItemGroup>
  <ItemGroup>
    <ClInclude Include="..\src\Agent.h" />
    <ClInclude Include="..\src\Connection.h" />
    <ClInclude Include="..\src\Graph.h" />
    <ClInclude Include="..\src\PriorityComparision.h" />
    <ClInclude Include="..\src\Node.h" />
    <ClInclude Include="..\src\Path.h" />
    <ClInclude Include="..\src\SceneASearch.h" />
    <ClInclude Include="..\src\SceneASearchMultiple.h" />
    <ClInclude Include="..\src\SceneBreadthFirstSearch.h" />
    <ClInclude Include="..\src\SceneDijkstra.h" />
    <ClInclude Include="..\src\SceneGreedyBFS.h" />
    <ClInclude Include="..\src\ScenePathFinding.h" />
    <ClInclude Include="..\src\SteeringBehavior.h" />
    <ClInclude Include="..\src\utils.h" />
    <ClInclude Include="..\src\Scene.h" />
    <ClInclude Include="..\src\SDL_SimpleApp.h" />
    <ClInclude Include="..\src\Vector2D.h" />
    <ClInclude Include="..\src\SceneAvoidEnemy.h" />
  </ItemGroup>
  <ItemGroup>
    <Image Include="..\res\spritesheet.png" />
  </ItemGroup>
</Project>